// !$*UTF8*$!
{
	archiveVersion = 1;
	classes = {
	};
	objectVersion = 48;
	objects = {

/* Begin PBXBuildFile section */
		258EBE341F12C1D2008EF35B /* Food101.mlmodel in Sources */ = {isa = PBXBuildFile; fileRef = 258EBE331F12C1CF008EF35B /* Food101.mlmodel */; };
		25A911BC1EFAF81E00FC8D25 /* AppDelegate.swift in Sources */ = {isa = PBXBuildFile; fileRef = 25A911BB1EFAF81E00FC8D25 /* AppDelegate.swift */; };
		25A911BE1EFAF81E00FC8D25 /* ViewController.swift in Sources */ = {isa = PBXBuildFile; fileRef = 25A911BD1EFAF81E00FC8D25 /* ViewController.swift */; };
		25A911C11EFAF81E00FC8D25 /* Main.storyboard in Resources */ = {isa = PBXBuildFile; fileRef = 25A911BF1EFAF81E00FC8D25 /* Main.storyboard */; };
		25A911C31EFAF81E00FC8D25 /* Assets.xcassets in Resources */ = {isa = PBXBuildFile; fileRef = 25A911C21EFAF81E00FC8D25 /* Assets.xcassets */; };
		25A911C61EFAF81E00FC8D25 /* LaunchScreen.storyboard in Resources */ = {isa = PBXBuildFile; fileRef = 25A911C41EFAF81E00FC8D25 /* LaunchScreen.storyboard */; };
/* End PBXBuildFile section */

/* Begin PBXFileReference section */
		258EBE331F12C1CF008EF35B /* Food101.mlmodel */ = {isa = PBXFileReference; lastKnownFileType = file.mlmodel; path = Food101.mlmodel; sourceTree = "<group>"; };
		25A911B81EFAF81E00FC8D25 /* Food101Prediction.app */ = {isa = PBXFileReference; explicitFileType = wrapper.application; includeInIndex = 0; path = Food101Prediction.app; sourceTree = BUILT_PRODUCTS_DIR; };
		25A911BB1EFAF81E00FC8D25 /* AppDelegate.swift */ = {isa = PBXFileReference; lastKnownFileType = sourcecode.swift; path = AppDelegate.swift; sourceTree = "<group>"; };
		25A911BD1EFAF81E00FC8D25 /* ViewController.swift */ = {isa = PBXFileReference; lastKnownFileType = sourcecode.swift; path = ViewController.swift; sourceTree = "<group>"; };
		25A911C01EFAF81E00FC8D25 /* Base */ = {isa = PBXFileReference; lastKnownFileType = file.storyboard; name = Base; path = Base.lproj/Main.storyboard; sourceTree = "<group>"; };
		25A911C21EFAF81E00FC8D25 /* Assets.xcassets */ = {isa = PBXFileReference; lastKnownFileType = folder.assetcatalog; path = Assets.xcassets; sourceTree = "<group>"; };
		25A911C51EFAF81E00FC8D25 /* Base */ = {isa = PBXFileReference; lastKnownFileType = file.storyboard; name = Base; path = Base.lproj/LaunchScreen.storyboard; sourceTree = "<group>"; };
		25A911C71EFAF81E00FC8D25 /* Info.plist */ = {isa = PBXFileReference; lastKnownFileType = text.plist.xml; path = Info.plist; sourceTree = "<group>"; };
/* End PBXFileReference section */

/* Begin PBXFrameworksBuildPhase section */
		25A911B51EFAF81E00FC8D25 /* Frameworks */ = {
			isa = PBXFrameworksBuildPhase;
			buildActionMask = 2147483647;
			files = (
			);
			runOnlyForDeploymentPostprocessing = 0;
		};
/* End PBXFrameworksBuildPhase section */

/* Begin PBXGroup section */
		25A911AF1EFAF81E00FC8D25 = {
			isa = PBXGroup;
			children = (
				25A911BA1EFAF81E00FC8D25 /* Food101Prediction */,
				25A911B91EFAF81E00FC8D25 /* Products */,
			);
			sourceTree = "<group>";
		};
		25A911B91EFAF81E00FC8D25 /* Products */ = {
			isa = PBXGroup;
			children = (
				25A911B81EFAF81E00FC8D25 /* Food101Prediction.app */,
			);
			name = Products;
			sourceTree = "<group>";
		};
		25A911BA1EFAF81E00FC8D25 /* Food101Prediction */ = {
			isa = PBXGroup;
			children = (
				258EBE331F12C1CF008EF35B /* Food101.mlmodel */,
				25A911BB1EFAF81E00FC8D25 /* AppDelegate.swift */,
				25A911BD1EFAF81E00FC8D25 /* ViewController.swift */,
				25A911BF1EFAF81E00FC8D25 /* Main.storyboard */,
				25A911C21EFAF81E00FC8D25 /* Assets.xcassets */,
				25A911C41EFAF81E00FC8D25 /* LaunchScreen.storyboard */,
				25A911C71EFAF81E00FC8D25 /* Info.plist */,
			);
			path = Food101Prediction;
			sourceTree = "<group>";
		};
/* End PBXGroup section */

/* Begin PBXNativeTarget section */
		25A911B71EFAF81E00FC8D25 /* Food101Prediction */ = {
			isa = PBXNativeTarget;
			buildConfigurationList = 25A911CA1EFAF81E00FC8D25 /* Build configuration list for PBXNativeTarget "Food101Prediction" */;
			buildPhases = (
				25A911B41EFAF81E00FC8D25 /* Sources */,
				25A911B51EFAF81E00FC8D25 /* Frameworks */,
				25A911B61EFAF81E00FC8D25 /* Resources */,
			);
			buildRules = (
			);
			dependencies = (
			);
			name = Food101Prediction;
			productName = Food101Prediction;
			productReference = 25A911B81EFAF81E00FC8D25 /* Food101Prediction.app */;
			productType = "com.apple.product-type.application";
		};
/* End PBXNativeTarget section */

/* Begin PBXProject section */
		25A911B01EFAF81E00FC8D25 /* Project object */ = {
			isa = PBXProject;
			attributes = {
				LastSwiftUpdateCheck = 0900;
				LastUpgradeCheck = 0900;
				ORGANIZATIONNAME = "Philipp Gabriel";
				TargetAttributes = {
					25A911B71EFAF81E00FC8D25 = {
						CreatedOnToolsVersion = 9.0;
					};
				};
			};
			buildConfigurationList = 25A911B31EFAF81E00FC8D25 /* Build configuration list for PBXProject "Food101Prediction" */;
			compatibilityVersion = "Xcode 8.0";
			developmentRegion = en;
			hasScannedForEncodings = 0;
			knownRegions = (
				en,
				Base,
			);
			mainGroup = 25A911AF1EFAF81E00FC8D25;
			productRefGroup = 25A911B91EFAF81E00FC8D25 /* Products */;
			projectDirPath = "";
			projectRoot = "";
			targets = (
				25A911B71EFAF81E00FC8D25 /* Food101Prediction */,
			);
		};
/* End PBXProject section */

/* Begin PBXResourcesBuildPhase section */
		25A911B61EFAF81E00FC8D25 /* Resources */ = {
			isa = PBXResourcesBuildPhase;
			buildActionMask = 2147483647;
			files = (
				25A911C61EFAF81E00FC8D25 /* LaunchScreen.storyboard in Resources */,
				25A911C31EFAF81E00FC8D25 /* Assets.xcassets in Resources */,
				25A911C11EFAF81E00FC8D25 /* Main.storyboard in Resources */,
			);
			runOnlyForDeploymentPostprocessing = 0;
		};
/* End PBXResourcesBuildPhase section */

/* Begin PBXSourcesBuildPhase section */
		25A911B41EFAF81E00FC8D25 /* Sources */ = {
			isa = PBXSourcesBuildPhase;
			buildActionMask = 2147483647;
			files = (
				258EBE341F12C1D2008EF35B /* Food101.mlmodel in Sources */,
				25A911BE1EFAF81E00FC8D25 /* ViewController.swift in Sources */,
				25A911BC1EFAF81E00FC8D25 /* AppDelegate.swift in Sources */,
			);
			runOnlyForDeploymentPostprocessing = 0;
		};
/* End PBXSourcesBuildPhase section */

/* Begin PBXVariantGroup section */
		25A911BF1EFAF81E00FC8D25 /* Main.storyboard */ = {
			isa = PBXVariantGroup;
			children = (
				25A911C01EFAF81E00FC8D25 /* Base */,
			);
			name = Main.storyboard;
			sourceTree = "<group>";
		};
		25A911C41EFAF81E00FC8D25 /* LaunchScreen.storyboard */ = {
			isa = PBXVariantGroup;
			children = (
				25A911C51EFAF81E00FC8D25 /* Base */,
			);
			name = LaunchScreen.storyboard;
			sourceTree = "<group>";
		};
/* End PBXVariantGroup section */

/* Begin XCBuildConfiguration section */
		25A911C81EFAF81E00FC8D25 /* Debug */ = {
			isa = XCBuildConfiguration;
			buildSettings = {
				ALWAYS_SEARCH_USER_PATHS = NO;
				CLANG_ANALYZER_NONNULL = YES;
				CLANG_ANALYZER_NUMBER_OBJECT_CONVERSION = YES_AGGRESSIVE;
				CLANG_CXX_LANGUAGE_STANDARD = "gnu++14";
				CLANG_CXX_LIBRARY = "libc++";
				CLANG_ENABLE_MODULES = YES;
				CLANG_ENABLE_OBJC_ARC = YES;
				CLANG_WARN_BLOCK_CAPTURE_AUTORELEASING = YES;
				CLANG_WARN_BOOL_CONVERSION = YES;
				CLANG_WARN_COMMA = YES;
				CLANG_WARN_CONSTANT_CONVERSION = YES;
				CLANG_WARN_DIRECT_OBJC_ISA_USAGE = YES_ERROR;
				CLANG_WARN_DOCUMENTATION_COMMENTS = YES;
				CLANG_WARN_EMPTY_BODY = YES;
				CLANG_WARN_ENUM_CONVERSION = YES;
				CLANG_WARN_INFINITE_RECURSION = YES;
				CLANG_WARN_INT_CONVERSION = YES;
				CLANG_WARN_OBJC_ROOT_CLASS = YES_ERROR;
				CLANG_WARN_RANGE_LOOP_ANALYSIS = YES;
				CLANG_WARN_STRICT_PROTOTYPES = YES;
				CLANG_WARN_SUSPICIOUS_MOVE = YES;
				CLANG_WARN_UNGUARDED_AVAILABILITY = YES_AGGRESSIVE;
				CLANG_WARN_UNREACHABLE_CODE = YES;
				CLANG_WARN__DUPLICATE_METHOD_MATCH = YES;
				CODE_SIGN_IDENTITY = "iPhone Developer";
				COPY_PHASE_STRIP = NO;
				DEBUG_INFORMATION_FORMAT = dwarf;
				ENABLE_STRICT_OBJC_MSGSEND = YES;
				ENABLE_TESTABILITY = YES;
				GCC_C_LANGUAGE_STANDARD = gnu11;
				GCC_DYNAMIC_NO_PIC = NO;
				GCC_NO_COMMON_BLOCKS = YES;
				GCC_OPTIMIZATION_LEVEL = 0;
				GCC_PREPROCESSOR_DEFINITIONS = (
					"DEBUG=1",
					"$(inherited)",
				);
				GCC_WARN_64_TO_32_BIT_CONVERSION = YES;
				GCC_WARN_ABOUT_RETURN_TYPE = YES_ERROR;
				GCC_WARN_UNDECLARED_SELECTOR = YES;
				GCC_WARN_UNINITIALIZED_AUTOS = YES_AGGRESSIVE;
				GCC_WARN_UNUSED_FUNCTION = YES;
				GCC_WARN_UNUSED_VARIABLE = YES;
				IPHONEOS_DEPLOYMENT_TARGET = 11.0;
				MTL_ENABLE_DEBUG_INFO = YES;
				ONLY_ACTIVE_ARCH = YES;
				SDKROOT = iphoneos;
				SWIFT_ACTIVE_COMPILATION_CONDITIONS = DEBUG;
				SWIFT_OPTIMIZATION_LEVEL = "-Onone";
			};
			name = Debug;
		};
		25A911C91EFAF81E00FC8D25 /* Release */ = {
			isa = XCBuildConfiguration;
			buildSettings = {
				ALWAYS_SEARCH_USER_PATHS = NO;
				CLANG_ANALYZER_NONNULL = YES;
				CLANG_ANALYZER_NUMBER_OBJECT_CONVERSION = YES_AGGRESSIVE;
				CLANG_CXX_LANGUAGE_STANDARD = "gnu++14";
				CLANG_CXX_LIBRARY = "libc++";
				CLANG_ENABLE_MODULES = YES;
				CLANG_ENABLE_OBJC_ARC = YES;
				CLANG_WARN_BLOCK_CAPTURE_AUTORELEASING = YES;
				CLANG_WARN_BOOL_CONVERSION = YES;
				CLANG_WARN_COMMA = YES;
				CLANG_WARN_CONSTANT_CONVERSION = YES;
				CLANG_WARN_DIRECT_OBJC_ISA_USAGE = YES_ERROR;
				CLANG_WARN_DOCUMENTATION_COMMENTS = YES;
				CLANG_WARN_EMPTY_BODY = YES;
				CLANG_WARN_ENUM_CONVERSION = YES;
				CLANG_WARN_INFINITE_RECURSION = YES;
				CLANG_WARN_INT_CONVERSION = YES;
				CLANG_WARN_OBJC_ROOT_CLASS = YES_ERROR;
				CLANG_WARN_RANGE_LOOP_ANALYSIS = YES;
				CLANG_WARN_STRICT_PROTOTYPES = YES;
				CLANG_WARN_SUSPICIOUS_MOVE = YES;
				CLANG_WARN_UNGUARDED_AVAILABILITY = YES_AGGRESSIVE;
				CLANG_WARN_UNREACHABLE_CODE = YES;
				CLANG_WARN__DUPLICATE_METHOD_MATCH = YES;
				CODE_SIGN_IDENTITY = "iPhone Developer";
				COPY_PHASE_STRIP = NO;
				DEBUG_INFORMATION_FORMAT = "dwarf-with-dsym";
				ENABLE_NS_ASSERTIONS = NO;
				ENABLE_STRICT_OBJC_MSGSEND = YES;
				GCC_C_LANGUAGE_STANDARD = gnu11;
				GCC_NO_COMMON_BLOCKS = YES;
				GCC_WARN_64_TO_32_BIT_CONVERSION = YES;
				GCC_WARN_ABOUT_RETURN_TYPE = YES_ERROR;
				GCC_WARN_UNDECLARED_SELECTOR = YES;
				GCC_WARN_UNINITIALIZED_AUTOS = YES_AGGRESSIVE;
				GCC_WARN_UNUSED_FUNCTION = YES;
				GCC_WARN_UNUSED_VARIABLE = YES;
				IPHONEOS_DEPLOYMENT_TARGET = 11.0;
				MTL_ENABLE_DEBUG_INFO = NO;
				SDKROOT = iphoneos;
				SWIFT_OPTIMIZATION_LEVEL = "-Owholemodule";
				VALIDATE_PRODUCT = YES;
			};
			name = Release;
		};
		25A911CB1EFAF81E00FC8D25 /* Debug */ = {
			isa = XCBuildConfiguration;
			buildSettings = {
				ASSETCATALOG_COMPILER_APPICON_NAME = AppIcon;
				DEVELOPMENT_TEAM = Q5MZT8NG66;
				INFOPLIST_FILE = Food101Prediction/Info.plist;
				LD_RUNPATH_SEARCH_PATHS = "$(inherited) @executable_path/Frameworks";
				PRODUCT_BUNDLE_IDENTIFIER = io.gbrl.Food101Prediction;
				PRODUCT_NAME = "$(TARGET_NAME)";
				SWIFT_VERSION = 4.0;
				TARGETED_DEVICE_FAMILY = "1,2";
			};
			name = Debug;
		};
		25A911CC1EFAF81E00FC8D25 /* Release */ = {
			isa = XCBuildConfiguration;
			buildSettings = {
				ASSETCATALOG_COMPILER_APPICON_NAME = AppIcon;
				DEVELOPMENT_TEAM = Q5MZT8NG66;
				INFOPLIST_FILE = Food101Prediction/Info.plist;
				LD_RUNPATH_SEARCH_PATHS = "$(inherited) @executable_path/Frameworks";
				PRODUCT_BUNDLE_IDENTIFIER = io.gbrl.Food101Prediction;
				PRODUCT_NAME = "$(TARGET_NAME)";
				SWIFT_VERSION = 4.0;
				TARGETED_DEVICE_FAMILY = "1,2";
			};
			name = Release;
		};
/* End XCBuildConfiguration section */

/* Begin XCConfigurationList section */
		25A911B31EFAF81E00FC8D25 /* Build configuration list for PBXProject "Food101Prediction" */ = {
			isa = XCConfigurationList;
			buildConfigurations = (
				25A911C81EFAF81E00FC8D25 /* Debug */,
				25A911C91EFAF81E00FC8D25 /* Release */,
			);
			defaultConfigurationIsVisible = 0;
			defaultConfigurationName = Release;
		};
		25A911CA1EFAF81E00FC8D25 /* Build configuration list for PBXNativeTarget "Food101Prediction" */ = {
			isa = XCConfigurationList;
			buildConfigurations = (
				25A911CB1EFAF81E00FC8D25 /* Debug */,
				25A911CC1EFAF81E00FC8D25 /* Release */,
			);
			defaultConfigurationIsVisible = 0;
			defaultConfigurationName = Release;
		};
/* End XCConfigurationList section */
	};
	rootObject = 25A911B01EFAF81E00FC8D25 /* Project object */;
}
